
Microsoft Visual Studio Solution File, Format Version 12.00
# Visual Studio Version 16
VisualStudioVersion = 16.0.31613.86
MinimumVisualStudioVersion = 10.0.40219.1
Project("{FAE04EC0-301F-11D3-BF4B-00C04F79EFBC}") = "DevIO.AppMvc", "src\DevIO.AppMvc\DevIO.AppMvc.csproj", "{05682C0B-FB21-440C-96D2-4478D3CE7C1A}"
EndProject
Project("{FAE04EC0-301F-11D3-BF4B-00C04F79EFBC}") = "DevIO.Bussines", "src\DevIO.Bussines\DevIO.Bussines.csproj", "{78F8C5F0-A782-4157-A825-3EA1191056F0}"
EndProject
Project("{FAE04EC0-301F-11D3-BF4B-00C04F79EFBC}") = "DevIO.Infra", "src\DevIO.Infra\DevIO.Infra.csproj", "{AB76D8E3-0B8F-431A-ABAD-AE0B42327DDC}"
EndProject
Global
	GlobalSection(SolutionConfigurationPlatforms) = preSolution
		Debug|Any CPU = Debug|Any CPU
		Release|Any CPU = Release|Any CPU
	EndGlobalSection
	GlobalSection(ProjectConfigurationPlatforms) = postSolution
		{05682C0B-FB21-440C-96D2-4478D3CE7C1A}.Debug|Any CPU.ActiveCfg = Debug|Any CPU
		{05682C0B-FB21-440C-96D2-4478D3CE7C1A}.Debug|Any CPU.Build.0 = Debug|Any CPU
		{05682C0B-FB21-440C-96D2-4478D3CE7C1A}.Release|Any CPU.ActiveCfg = Release|Any CPU
		{05682C0B-FB21-440C-96D2-4478D3CE7C1A}.Release|Any CPU.Build.0 = Release|Any CPU
		{78F8C5F0-A782-4157-A825-3EA1191056F0}.Debug|Any CPU.ActiveCfg = Debug|Any CPU
		{78F8C5F0-A782-4157-A825-3EA1191056F0}.Debug|Any CPU.Build.0 = Debug|Any CPU
		{78F8C5F0-A782-4157-A825-3EA1191056F0}.Release|Any CPU.ActiveCfg = Release|Any CPU
		{78F8C5F0-A782-4157-A825-3EA1191056F0}.Release|Any CPU.Build.0 = Release|Any CPU
		{AB76D8E3-0B8F-431A-ABAD-AE0B42327DDC}.Debug|Any CPU.ActiveCfg = Debug|Any CPU
		{AB76D8E3-0B8F-431A-ABAD-AE0B42327DDC}.Debug|Any CPU.Build.0 = Debug|Any CPU
		{AB76D8E3-0B8F-431A-ABAD-AE0B42327DDC}.Release|Any CPU.ActiveCfg = Release|Any CPU
		{AB76D8E3-0B8F-431A-ABAD-AE0B42327DDC}.Release|Any CPU.Build.0 = Release|Any CPU
	EndGlobalSection
	GlobalSection(SolutionProperties) = preSolution
		HideSolutionNode = FALSE
	EndGlobalSection
	GlobalSection(ExtensibilityGlobals) = postSolution
		SolutionGuid = {94FCC054-AE64-4538-866D-C5C6F6749FC0}
	EndGlobalSection
EndGlobal
